
Microsoft Visual Studio Solution File, Format Version 12.00
# Visual Studio Version 16
VisualStudioVersion = 16.0.30413.136
MinimumVisualStudioVersion = 10.0.40219.1
Project("{FAE04EC0-301F-11D3-BF4B-00C04F79EFBC}") = "ConsoleApp1", "ConsoleApp1\ConsoleApp1.csproj", "{149A10DB-B81B-42AF-98F9-528E79185551}"
EndProject
Global
	GlobalSection(SolutionConfigurationPlatforms) = preSolution
		Debug|Any CPU = Debug|Any CPU
		Release|Any CPU = Release|Any CPU
	EndGlobalSection
	GlobalSection(ProjectConfigurationPlatforms) = postSolution
		{149A10DB-B81B-42AF-98F9-528E79185551}.Debug|Any CPU.ActiveCfg = Debug|Any CPU
		{149A10DB-B81B-42AF-98F9-528E79185551}.Debug|Any CPU.Build.0 = Debug|Any CPU
		{149A10DB-B81B-42AF-98F9-528E79185551}.Release|Any CPU.ActiveCfg = Release|Any CPU
		{149A10DB-B81B-42AF-98F9-528E79185551}.Release|Any CPU.Build.0 = Release|Any CPU
	EndGlobalSection
	GlobalSection(SolutionProperties) = preSolution
		HideSolutionNode = FALSE
	EndGlobalSection
	GlobalSection(ExtensibilityGlobals) = postSolution
		SolutionGuid = {7F5139D5-93FE-4B90-A5EC-18299D1EC9D2}
	EndGlobalSection
EndGlobal
