
Microsoft Visual Studio Solution File, Format Version 12.00
# Visual Studio Version 16
VisualStudioVersion = 16.0.30413.136
MinimumVisualStudioVersion = 10.0.40219.1
Project("{FAE04EC0-301F-11D3-BF4B-00C04F79EFBC}") = "c7", "c7\c7.csproj", "{F3C582ED-1082-4C54-A08C-47ED9957B062}"
EndProject
Global
	GlobalSection(SolutionConfigurationPlatforms) = preSolution
		Debug|Any CPU = Debug|Any CPU
		Release|Any CPU = Release|Any CPU
	EndGlobalSection
	GlobalSection(ProjectConfigurationPlatforms) = postSolution
		{F3C582ED-1082-4C54-A08C-47ED9957B062}.Debug|Any CPU.ActiveCfg = Debug|Any CPU
		{F3C582ED-1082-4C54-A08C-47ED9957B062}.Debug|Any CPU.Build.0 = Debug|Any CPU
		{F3C582ED-1082-4C54-A08C-47ED9957B062}.Release|Any CPU.ActiveCfg = Release|Any CPU
		{F3C582ED-1082-4C54-A08C-47ED9957B062}.Release|Any CPU.Build.0 = Release|Any CPU
	EndGlobalSection
	GlobalSection(SolutionProperties) = preSolution
		HideSolutionNode = FALSE
	EndGlobalSection
	GlobalSection(ExtensibilityGlobals) = postSolution
		SolutionGuid = {F243F17C-6F84-49FF-9C0F-2E093A6AF1C2}
	EndGlobalSection
EndGlobal
