
Microsoft Visual Studio Solution File, Format Version 12.00
# Visual Studio Version 16
VisualStudioVersion = 16.0.30413.136
MinimumVisualStudioVersion = 10.0.40219.1
Project("{FAE04EC0-301F-11D3-BF4B-00C04F79EFBC}") = "mozliwypowrotD", "mozliwypowrotD.csproj", "{456FD622-1892-444C-B11E-9C83373AAD2B}"
EndProject
Global
	GlobalSection(SolutionConfigurationPlatforms) = preSolution
		Debug|Any CPU = Debug|Any CPU
		Release|Any CPU = Release|Any CPU
	EndGlobalSection
	GlobalSection(ProjectConfigurationPlatforms) = postSolution
		{456FD622-1892-444C-B11E-9C83373AAD2B}.Debug|Any CPU.ActiveCfg = Debug|Any CPU
		{456FD622-1892-444C-B11E-9C83373AAD2B}.Debug|Any CPU.Build.0 = Debug|Any CPU
		{456FD622-1892-444C-B11E-9C83373AAD2B}.Release|Any CPU.ActiveCfg = Release|Any CPU
		{456FD622-1892-444C-B11E-9C83373AAD2B}.Release|Any CPU.Build.0 = Release|Any CPU
	EndGlobalSection
	GlobalSection(SolutionProperties) = preSolution
		HideSolutionNode = FALSE
	EndGlobalSection
	GlobalSection(ExtensibilityGlobals) = postSolution
		SolutionGuid = {3BF494D2-9E75-4F93-AE08-9C35955DCF05}
	EndGlobalSection
EndGlobal
